
Microsoft Visual Studio Solution File, Format Version 12.00
# Visual Studio Version 17
VisualStudioVersion = 17.10.35122.118
MinimumVisualStudioVersion = 10.0.40219.1
Project("{FAE04EC0-301F-11D3-BF4B-00C04F79EFBC}") = "Lockshot.Channels.API", "Lockshot.Channels.API\Lockshot.Channels.API.csproj", "{F7CCC47C-71BF-416A-8117-7E0F88FCC953}"
EndProject
Global
	GlobalSection(SolutionConfigurationPlatforms) = preSolution
		Debug|Any CPU = Debug|Any CPU
		Release|Any CPU = Release|Any CPU
	EndGlobalSection
	GlobalSection(ProjectConfigurationPlatforms) = postSolution
		{F7CCC47C-71BF-416A-8117-7E0F88FCC953}.Debug|Any CPU.ActiveCfg = Debug|Any CPU
		{F7CCC47C-71BF-416A-8117-7E0F88FCC953}.Debug|Any CPU.Build.0 = Debug|Any CPU
		{F7CCC47C-71BF-416A-8117-7E0F88FCC953}.Release|Any CPU.ActiveCfg = Release|Any CPU
		{F7CCC47C-71BF-416A-8117-7E0F88FCC953}.Release|Any CPU.Build.0 = Release|Any CPU
	EndGlobalSection
	GlobalSection(SolutionProperties) = preSolution
		HideSolutionNode = FALSE
	EndGlobalSection
	GlobalSection(ExtensibilityGlobals) = postSolution
		SolutionGuid = {B5361B05-F5DA-4EB2-A222-322F2A954670}
	EndGlobalSection
EndGlobal
